// !$*UTF8*$!
{
	archiveVersion = 1;
	classes = {
	};
	objectVersion = 56;
	objects = {

/* Begin PBXBuildFile section */
		FB7BBB742C6812B6006CCB98 /* CursoiOSApp.swift in Sources */ = {isa = PBXBuildFile; fileRef = FB7BBB732C6812B6006CCB98 /* CursoiOSApp.swift */; };
		FB7BBB762C6812B6006CCB98 /* ContentView.swift in Sources */ = {isa = PBXBuildFile; fileRef = FB7BBB752C6812B6006CCB98 /* ContentView.swift */; };
		FB7BBB782C6812B7006CCB98 /* Assets.xcassets in Resources */ = {isa = PBXBuildFile; fileRef = FB7BBB772C6812B7006CCB98 /* Assets.xcassets */; };
		FB7BBB7B2C6812B7006CCB98 /* Preview Assets.xcassets in Resources */ = {isa = PBXBuildFile; fileRef = FB7BBB7A2C6812B7006CCB98 /* Preview Assets.xcassets */; };
		FB7BBB852C6812B7006CCB98 /* CursoiOSTests.swift in Sources */ = {isa = PBXBuildFile; fileRef = FB7BBB842C6812B7006CCB98 /* CursoiOSTests.swift */; };
		FB7BBB8F2C6812B7006CCB98 /* CursoiOSUITests.swift in Sources */ = {isa = PBXBuildFile; fileRef = FB7BBB8E2C6812B7006CCB98 /* CursoiOSUITests.swift */; };
		FB7BBB912C6812B7006CCB98 /* CursoiOSUITestsLaunchTests.swift in Sources */ = {isa = PBXBuildFile; fileRef = FB7BBB902C6812B7006CCB98 /* CursoiOSUITestsLaunchTests.swift */; };
/* End PBXBuildFile section */

/* Begin PBXContainerItemProxy section */
		FB7BBB812C6812B7006CCB98 /* PBXContainerItemProxy */ = {
			isa = PBXContainerItemProxy;
			containerPortal = FB7BBB682C6812B6006CCB98 /* Project object */;
			proxyType = 1;
			remoteGlobalIDString = FB7BBB6F2C6812B6006CCB98;
			remoteInfo = CursoiOS;
		};
		FB7BBB8B2C6812B7006CCB98 /* PBXContainerItemProxy */ = {
			isa = PBXContainerItemProxy;
			containerPortal = FB7BBB682C6812B6006CCB98 /* Project object */;
			proxyType = 1;
			remoteGlobalIDString = FB7BBB6F2C6812B6006CCB98;
			remoteInfo = CursoiOS;
		};
/* End PBXContainerItemProxy section */

/* Begin PBXFileReference section */
		FB7BBB702C6812B6006CCB98 /* CursoiOS.app */ = {isa = PBXFileReference; explicitFileType = wrapper.application; includeInIndex = 0; path = CursoiOS.app; sourceTree = BUILT_PRODUCTS_DIR; };
		FB7BBB732C6812B6006CCB98 /* CursoiOSApp.swift */ = {isa = PBXFileReference; lastKnownFileType = sourcecode.swift; path = CursoiOSApp.swift; sourceTree = "<group>"; };
		FB7BBB752C6812B6006CCB98 /* ContentView.swift */ = {isa = PBXFileReference; lastKnownFileType = sourcecode.swift; path = ContentView.swift; sourceTree = "<group>"; };
		FB7BBB772C6812B7006CCB98 /* Assets.xcassets */ = {isa = PBXFileReference; lastKnownFileType = folder.assetcatalog; path = Assets.xcassets; sourceTree = "<group>"; };
		FB7BBB7A2C6812B7006CCB98 /* Preview Assets.xcassets */ = {isa = PBXFileReference; lastKnownFileType = folder.assetcatalog; path = "Preview Assets.xcassets"; sourceTree = "<group>"; };
		FB7BBB802C6812B7006CCB98 /* CursoiOSTests.xctest */ = {isa = PBXFileReference; explicitFileType = wrapper.cfbundle; includeInIndex = 0; path = CursoiOSTests.xctest; sourceTree = BUILT_PRODUCTS_DIR; };
		FB7BBB842C6812B7006CCB98 /* CursoiOSTests.swift */ = {isa = PBXFileReference; lastKnownFileType = sourcecode.swift; path = CursoiOSTests.swift; sourceTree = "<group>"; };
		FB7BBB8A2C6812B7006CCB98 /* CursoiOSUITests.xctest */ = {isa = PBXFileReference; explicitFileType = wrapper.cfbundle; includeInIndex = 0; path = CursoiOSUITests.xctest; sourceTree = BUILT_PRODUCTS_DIR; };
		FB7BBB8E2C6812B7006CCB98 /* CursoiOSUITests.swift */ = {isa = PBXFileReference; lastKnownFileType = sourcecode.swift; path = CursoiOSUITests.swift; sourceTree = "<group>"; };
		FB7BBB902C6812B7006CCB98 /* CursoiOSUITestsLaunchTests.swift */ = {isa = PBXFileReference; lastKnownFileType = sourcecode.swift; path = CursoiOSUITestsLaunchTests.swift; sourceTree = "<group>"; };
/* End PBXFileReference section */

/* Begin PBXFrameworksBuildPhase section */
		FB7BBB6D2C6812B6006CCB98 /* Frameworks */ = {
			isa = PBXFrameworksBuildPhase;
			buildActionMask = 2147483647;
			files = (
			);
			runOnlyForDeploymentPostprocessing = 0;
		};
		FB7BBB7D2C6812B7006CCB98 /* Frameworks */ = {
			isa = PBXFrameworksBuildPhase;
			buildActionMask = 2147483647;
			files = (
			);
			runOnlyForDeploymentPostprocessing = 0;
		};
		FB7BBB872C6812B7006CCB98 /* Frameworks */ = {
			isa = PBXFrameworksBuildPhase;
			buildActionMask = 2147483647;
			files = (
			);
			runOnlyForDeploymentPostprocessing = 0;
		};
/* End PBXFrameworksBuildPhase section */

/* Begin PBXGroup section */
		FB7BBB672C6812B6006CCB98 = {
			isa = PBXGroup;
			children = (
				FB7BBB722C6812B6006CCB98 /* CursoiOS */,
				FB7BBB832C6812B7006CCB98 /* CursoiOSTests */,
				FB7BBB8D2C6812B7006CCB98 /* CursoiOSUITests */,
				FB7BBB712C6812B6006CCB98 /* Products */,
			);
			sourceTree = "<group>";
		};
		FB7BBB712C6812B6006CCB98 /* Products */ = {
			isa = PBXGroup;
			children = (
				FB7BBB702C6812B6006CCB98 /* CursoiOS.app */,
				FB7BBB802C6812B7006CCB98 /* CursoiOSTests.xctest */,
				FB7BBB8A2C6812B7006CCB98 /* CursoiOSUITests.xctest */,
			);
			name = Products;
			sourceTree = "<group>";
		};
		FB7BBB722C6812B6006CCB98 /* CursoiOS */ = {
			isa = PBXGroup;
			children = (
				FB7BBB732C6812B6006CCB98 /* CursoiOSApp.swift */,
				FB7BBB752C6812B6006CCB98 /* ContentView.swift */,
				FB7BBB772C6812B7006CCB98 /* Assets.xcassets */,
				FB7BBB792C6812B7006CCB98 /* Preview Content */,
			);
			path = CursoiOS;
			sourceTree = "<group>";
		};
		FB7BBB792C6812B7006CCB98 /* Preview Content */ = {
			isa = PBXGroup;
			children = (
				FB7BBB7A2C6812B7006CCB98 /* Preview Assets.xcassets */,
			);
			path = "Preview Content";
			sourceTree = "<group>";
		};
		FB7BBB832C6812B7006CCB98 /* CursoiOSTests */ = {
			isa = PBXGroup;
			children = (
				FB7BBB842C6812B7006CCB98 /* CursoiOSTests.swift */,
			);
			path = CursoiOSTests;
			sourceTree = "<group>";
		};
		FB7BBB8D2C6812B7006CCB98 /* CursoiOSUITests */ = {
			isa = PBXGroup;
			children = (
				FB7BBB8E2C6812B7006CCB98 /* CursoiOSUITests.swift */,
				FB7BBB902C6812B7006CCB98 /* CursoiOSUITestsLaunchTests.swift */,
			);
			path = CursoiOSUITests;
			sourceTree = "<group>";
		};
/* End PBXGroup section */

/* Begin PBXNativeTarget section */
		FB7BBB6F2C6812B6006CCB98 /* CursoiOS */ = {
			isa = PBXNativeTarget;
			buildConfigurationList = FB7BBB942C6812B7006CCB98 /* Build configuration list for PBXNativeTarget "CursoiOS" */;
			buildPhases = (
				FB7BBB6C2C6812B6006CCB98 /* Sources */,
				FB7BBB6D2C6812B6006CCB98 /* Frameworks */,
				FB7BBB6E2C6812B6006CCB98 /* Resources */,
			);
			buildRules = (
			);
			dependencies = (
			);
			name = CursoiOS;
			productName = CursoiOS;
			productReference = FB7BBB702C6812B6006CCB98 /* CursoiOS.app */;
			productType = "com.apple.product-type.application";
		};
		FB7BBB7F2C6812B7006CCB98 /* CursoiOSTests */ = {
			isa = PBXNativeTarget;
			buildConfigurationList = FB7BBB972C6812B7006CCB98 /* Build configuration list for PBXNativeTarget "CursoiOSTests" */;
			buildPhases = (
				FB7BBB7C2C6812B7006CCB98 /* Sources */,
				FB7BBB7D2C6812B7006CCB98 /* Frameworks */,
				FB7BBB7E2C6812B7006CCB98 /* Resources */,
			);
			buildRules = (
			);
			dependencies = (
				FB7BBB822C6812B7006CCB98 /* PBXTargetDependency */,
			);
			name = CursoiOSTests;
			productName = CursoiOSTests;
			productReference = FB7BBB802C6812B7006CCB98 /* CursoiOSTests.xctest */;
			productType = "com.apple.product-type.bundle.unit-test";
		};
		FB7BBB892C6812B7006CCB98 /* CursoiOSUITests */ = {
			isa = PBXNativeTarget;
			buildConfigurationList = FB7BBB9A2C6812B7006CCB98 /* Build configuration list for PBXNativeTarget "CursoiOSUITests" */;
			buildPhases = (
				FB7BBB862C6812B7006CCB98 /* Sources */,
				FB7BBB872C6812B7006CCB98 /* Frameworks */,
				FB7BBB882C6812B7006CCB98 /* Resources */,
			);
			buildRules = (
			);
			dependencies = (
				FB7BBB8C2C6812B7006CCB98 /* PBXTargetDependency */,
			);
			name = CursoiOSUITests;
			productName = CursoiOSUITests;
			productReference = FB7BBB8A2C6812B7006CCB98 /* CursoiOSUITests.xctest */;
			productType = "com.apple.product-type.bundle.ui-testing";
		};
/* End PBXNativeTarget section */

/* Begin PBXProject section */
		FB7BBB682C6812B6006CCB98 /* Project object */ = {
			isa = PBXProject;
			attributes = {
				BuildIndependentTargetsInParallel = 1;
				LastSwiftUpdateCheck = 1540;
				LastUpgradeCheck = 1540;
				TargetAttributes = {
					FB7BBB6F2C6812B6006CCB98 = {
						CreatedOnToolsVersion = 15.4;
					};
					FB7BBB7F2C6812B7006CCB98 = {
						CreatedOnToolsVersion = 15.4;
						TestTargetID = FB7BBB6F2C6812B6006CCB98;
					};
					FB7BBB892C6812B7006CCB98 = {
						CreatedOnToolsVersion = 15.4;
						TestTargetID = FB7BBB6F2C6812B6006CCB98;
					};
				};
			};
			buildConfigurationList = FB7BBB6B2C6812B6006CCB98 /* Build configuration list for PBXProject "CursoiOS" */;
			compatibilityVersion = "Xcode 14.0";
			developmentRegion = en;
			hasScannedForEncodings = 0;
			knownRegions = (
				en,
				Base,
			);
			mainGroup = FB7BBB672C6812B6006CCB98;
			productRefGroup = FB7BBB712C6812B6006CCB98 /* Products */;
			projectDirPath = "";
			projectRoot = "";
			targets = (
				FB7BBB6F2C6812B6006CCB98 /* CursoiOS */,
				FB7BBB7F2C6812B7006CCB98 /* CursoiOSTests */,
				FB7BBB892C6812B7006CCB98 /* CursoiOSUITests */,
			);
		};
/* End PBXProject section */

/* Begin PBXResourcesBuildPhase section */
		FB7BBB6E2C6812B6006CCB98 /* Resources */ = {
			isa = PBXResourcesBuildPhase;
			buildActionMask = 2147483647;
			files = (
				FB7BBB7B2C6812B7006CCB98 /* Preview Assets.xcassets in Resources */,
				FB7BBB782C6812B7006CCB98 /* Assets.xcassets in Resources */,
			);
			runOnlyForDeploymentPostprocessing = 0;
		};
		FB7BBB7E2C6812B7006CCB98 /* Resources */ = {
			isa = PBXResourcesBuildPhase;
			buildActionMask = 2147483647;
			files = (
			);
			runOnlyForDeploymentPostprocessing = 0;
		};
		FB7BBB882C6812B7006CCB98 /* Resources */ = {
			isa = PBXResourcesBuildPhase;
			buildActionMask = 2147483647;
			files = (
			);
			runOnlyForDeploymentPostprocessing = 0;
		};
/* End PBXResourcesBuildPhase section */

/* Begin PBXSourcesBuildPhase section */
		FB7BBB6C2C6812B6006CCB98 /* Sources */ = {
			isa = PBXSourcesBuildPhase;
			buildActionMask = 2147483647;
			files = (
				FB7BBB762C6812B6006CCB98 /* ContentView.swift in Sources */,
				FB7BBB742C6812B6006CCB98 /* CursoiOSApp.swift in Sources */,
			);
			runOnlyForDeploymentPostprocessing = 0;
		};
		FB7BBB7C2C6812B7006CCB98 /* Sources */ = {
			isa = PBXSourcesBuildPhase;
			buildActionMask = 2147483647;
			files = (
				FB7BBB852C6812B7006CCB98 /* CursoiOSTests.swift in Sources */,
			);
			runOnlyForDeploymentPostprocessing = 0;
		};
		FB7BBB862C6812B7006CCB98 /* Sources */ = {
			isa = PBXSourcesBuildPhase;
			buildActionMask = 2147483647;
			files = (
				FB7BBB912C6812B7006CCB98 /* CursoiOSUITestsLaunchTests.swift in Sources */,
				FB7BBB8F2C6812B7006CCB98 /* CursoiOSUITests.swift in Sources */,
			);
			runOnlyForDeploymentPostprocessing = 0;
		};
/* End PBXSourcesBuildPhase section */

/* Begin PBXTargetDependency section */
		FB7BBB822C6812B7006CCB98 /* PBXTargetDependency */ = {
			isa = PBXTargetDependency;
			target = FB7BBB6F2C6812B6006CCB98 /* CursoiOS */;
			targetProxy = FB7BBB812C6812B7006CCB98 /* PBXContainerItemProxy */;
		};
		FB7BBB8C2C6812B7006CCB98 /* PBXTargetDependency */ = {
			isa = PBXTargetDependency;
			target = FB7BBB6F2C6812B6006CCB98 /* CursoiOS */;
			targetProxy = FB7BBB8B2C6812B7006CCB98 /* PBXContainerItemProxy */;
		};
/* End PBXTargetDependency section */

/* Begin XCBuildConfiguration section */
		FB7BBB922C6812B7006CCB98 /* Debug */ = {
			isa = XCBuildConfiguration;
			buildSettings = {
				ALWAYS_SEARCH_USER_PATHS = NO;
				ASSETCATALOG_COMPILER_GENERATE_SWIFT_ASSET_SYMBOL_EXTENSIONS = YES;
				CLANG_ANALYZER_NONNULL = YES;
				CLANG_ANALYZER_NUMBER_OBJECT_CONVERSION = YES_AGGRESSIVE;
				CLANG_CXX_LANGUAGE_STANDARD = "gnu++20";
				CLANG_ENABLE_MODULES = YES;
				CLANG_ENABLE_OBJC_ARC = YES;
				CLANG_ENABLE_OBJC_WEAK = YES;
				CLANG_WARN_BLOCK_CAPTURE_AUTORELEASING = YES;
				CLANG_WARN_BOOL_CONVERSION = YES;
				CLANG_WARN_COMMA = YES;
				CLANG_WARN_CONSTANT_CONVERSION = YES;
				CLANG_WARN_DEPRECATED_OBJC_IMPLEMENTATIONS = YES;
				CLANG_WARN_DIRECT_OBJC_ISA_USAGE = YES_ERROR;
				CLANG_WARN_DOCUMENTATION_COMMENTS = YES;
				CLANG_WARN_EMPTY_BODY = YES;
				CLANG_WARN_ENUM_CONVERSION = YES;
				CLANG_WARN_INFINITE_RECURSION = YES;
				CLANG_WARN_INT_CONVERSION = YES;
				CLANG_WARN_NON_LITERAL_NULL_CONVERSION = YES;
				CLANG_WARN_OBJC_IMPLICIT_RETAIN_SELF = YES;
				CLANG_WARN_OBJC_LITERAL_CONVERSION = YES;
				CLANG_WARN_OBJC_ROOT_CLASS = YES_ERROR;
				CLANG_WARN_QUOTED_INCLUDE_IN_FRAMEWORK_HEADER = YES;
				CLANG_WARN_RANGE_LOOP_ANALYSIS = YES;
				CLANG_WARN_STRICT_PROTOTYPES = YES;
				CLANG_WARN_SUSPICIOUS_MOVE = YES;
				CLANG_WARN_UNGUARDED_AVAILABILITY = YES_AGGRESSIVE;
				CLANG_WARN_UNREACHABLE_CODE = YES;
				CLANG_WARN__DUPLICATE_METHOD_MATCH = YES;
				COPY_PHASE_STRIP = NO;
				DEBUG_INFORMATION_FORMAT = dwarf;
				ENABLE_STRICT_OBJC_MSGSEND = YES;
				ENABLE_TESTABILITY = YES;
				ENABLE_USER_SCRIPT_SANDBOXING = YES;
				GCC_C_LANGUAGE_STANDARD = gnu17;
				GCC_DYNAMIC_NO_PIC = NO;
				GCC_NO_COMMON_BLOCKS = YES;
				GCC_OPTIMIZATION_LEVEL = 0;
				GCC_PREPROCESSOR_DEFINITIONS = (
					"DEBUG=1",
					"$(inherited)",
				);
				GCC_WARN_64_TO_32_BIT_CONVERSION = YES;
				GCC_WARN_ABOUT_RETURN_TYPE = YES_ERROR;
				GCC_WARN_UNDECLARED_SELECTOR = YES;
				GCC_WARN_UNINITIALIZED_AUTOS = YES_AGGRESSIVE;
				GCC_WARN_UNUSED_FUNCTION = YES;
				GCC_WARN_UNUSED_VARIABLE = YES;
				IPHONEOS_DEPLOYMENT_TARGET = 17.5;
				LOCALIZATION_PREFERS_STRING_CATALOGS = YES;
				MTL_ENABLE_DEBUG_INFO = INCLUDE_SOURCE;
				MTL_FAST_MATH = YES;
				ONLY_ACTIVE_ARCH = YES;
				SDKROOT = iphoneos;
				SWIFT_ACTIVE_COMPILATION_CONDITIONS = "DEBUG $(inherited)";
				SWIFT_OPTIMIZATION_LEVEL = "-Onone";
			};
			name = Debug;
		};
		FB7BBB932C6812B7006CCB98 /* Release */ = {
			isa = XCBuildConfiguration;
			buildSettings = {
				ALWAYS_SEARCH_USER_PATHS = NO;
				ASSETCATALOG_COMPILER_GENERATE_SWIFT_ASSET_SYMBOL_EXTENSIONS = YES;
				CLANG_ANALYZER_NONNULL = YES;
				CLANG_ANALYZER_NUMBER_OBJECT_CONVERSION = YES_AGGRESSIVE;
				CLANG_CXX_LANGUAGE_STANDARD = "gnu++20";
				CLANG_ENABLE_MODULES = YES;
				CLANG_ENABLE_OBJC_ARC = YES;
				CLANG_ENABLE_OBJC_WEAK = YES;
				CLANG_WARN_BLOCK_CAPTURE_AUTORELEASING = YES;
				CLANG_WARN_BOOL_CONVERSION = YES;
				CLANG_WARN_COMMA = YES;
				CLANG_WARN_CONSTANT_CONVERSION = YES;
				CLANG_WARN_DEPRECATED_OBJC_IMPLEMENTATIONS = YES;
				CLANG_WARN_DIRECT_OBJC_ISA_USAGE = YES_ERROR;
				CLANG_WARN_DOCUMENTATION_COMMENTS = YES;
				CLANG_WARN_EMPTY_BODY = YES;
				CLANG_WARN_ENUM_CONVERSION = YES;
				CLANG_WARN_INFINITE_RECURSION = YES;
				CLANG_WARN_INT_CONVERSION = YES;
				CLANG_WARN_NON_LITERAL_NULL_CONVERSION = YES;
				CLANG_WARN_OBJC_IMPLICIT_RETAIN_SELF = YES;
				CLANG_WARN_OBJC_LITERAL_CONVERSION = YES;
				CLANG_WARN_OBJC_ROOT_CLASS = YES_ERROR;
				CLANG_WARN_QUOTED_INCLUDE_IN_FRAMEWORK_HEADER = YES;
				CLANG_WARN_RANGE_LOOP_ANALYSIS = YES;
				CLANG_WARN_STRICT_PROTOTYPES = YES;
				CLANG_WARN_SUSPICIOUS_MOVE = YES;
				CLANG_WARN_UNGUARDED_AVAILABILITY = YES_AGGRESSIVE;
				CLANG_WARN_UNREACHABLE_CODE = YES;
				CLANG_WARN__DUPLICATE_METHOD_MATCH = YES;
				COPY_PHASE_STRIP = NO;
				DEBUG_INFORMATION_FORMAT = "dwarf-with-dsym";
				ENABLE_NS_ASSERTIONS = NO;
				ENABLE_STRICT_OBJC_MSGSEND = YES;
				ENABLE_USER_SCRIPT_SANDBOXING = YES;
				GCC_C_LANGUAGE_STANDARD = gnu17;
				GCC_NO_COMMON_BLOCKS = YES;
				GCC_WARN_64_TO_32_BIT_CONVERSION = YES;
				GCC_WARN_ABOUT_RETURN_TYPE = YES_ERROR;
				GCC_WARN_UNDECLARED_SELECTOR = YES;
				GCC_WARN_UNINITIALIZED_AUTOS = YES_AGGRESSIVE;
				GCC_WARN_UNUSED_FUNCTION = YES;
				GCC_WARN_UNUSED_VARIABLE = YES;
				IPHONEOS_DEPLOYMENT_TARGET = 17.5;
				LOCALIZATION_PREFERS_STRING_CATALOGS = YES;
				MTL_ENABLE_DEBUG_INFO = NO;
				MTL_FAST_MATH = YES;
				SDKROOT = iphoneos;
				SWIFT_COMPILATION_MODE = wholemodule;
				VALIDATE_PRODUCT = YES;
			};
			name = Release;
		};
		FB7BBB952C6812B7006CCB98 /* Debug */ = {
			isa = XCBuildConfiguration;
			buildSettings = {
				ASSETCATALOG_COMPILER_APPICON_NAME = AppIcon;
				ASSETCATALOG_COMPILER_GLOBAL_ACCENT_COLOR_NAME = AccentColor;
				CODE_SIGN_STYLE = Automatic;
				CURRENT_PROJECT_VERSION = 1;
				DEVELOPMENT_ASSET_PATHS = "\"CursoiOS/Preview Content\"";
				ENABLE_PREVIEWS = YES;
				GENERATE_INFOPLIST_FILE = YES;
				INFOPLIST_KEY_UIApplicationSceneManifest_Generation = YES;
				INFOPLIST_KEY_UIApplicationSupportsIndirectInputEvents = YES;
				INFOPLIST_KEY_UILaunchScreen_Generation = YES;
				INFOPLIST_KEY_UISupportedInterfaceOrientations_iPad = "UIInterfaceOrientationPortrait UIInterfaceOrientationPortraitUpsideDown UIInterfaceOrientationLandscapeLeft UIInterfaceOrientationLandscapeRight";
				INFOPLIST_KEY_UISupportedInterfaceOrientations_iPhone = "UIInterfaceOrientationPortrait UIInterfaceOrientationLandscapeLeft UIInterfaceOrientationLandscapeRight";
				LD_RUNPATH_SEARCH_PATHS = (
					"$(inherited)",
					"@executable_path/Frameworks",
				);
				MARKETING_VERSION = 1.0;
				PRODUCT_BUNDLE_IDENTIFIER = com.ibrakor.CursoiOS;
				PRODUCT_NAME = "$(TARGET_NAME)";
				SWIFT_EMIT_LOC_STRINGS = YES;
				SWIFT_VERSION = 5.0;
				TARGETED_DEVICE_FAMILY = "1,2";
			};
			name = Debug;
		};
		FB7BBB962C6812B7006CCB98 /* Release */ = {
			isa = XCBuildConfiguration;
			buildSettings = {
				ASSETCATALOG_COMPILER_APPICON_NAME = AppIcon;
				ASSETCATALOG_COMPILER_GLOBAL_ACCENT_COLOR_NAME = AccentColor;
				CODE_SIGN_STYLE = Automatic;
				CURRENT_PROJECT_VERSION = 1;
				DEVELOPMENT_ASSET_PATHS = "\"CursoiOS/Preview Content\"";
				ENABLE_PREVIEWS = YES;
				GENERATE_INFOPLIST_FILE = YES;
				INFOPLIST_KEY_UIApplicationSceneManifest_Generation = YES;
				INFOPLIST_KEY_UIApplicationSupportsIndirectInputEvents = YES;
				INFOPLIST_KEY_UILaunchScreen_Generation = YES;
				INFOPLIST_KEY_UISupportedInterfaceOrientations_iPad = "UIInterfaceOrientationPortrait UIInterfaceOrientationPortraitUpsideDown UIInterfaceOrientationLandscapeLeft UIInterfaceOrientationLandscapeRight";
				INFOPLIST_KEY_UISupportedInterfaceOrientations_iPhone = "UIInterfaceOrientationPortrait UIInterfaceOrientationLandscapeLeft UIInterfaceOrientationLandscapeRight";
				LD_RUNPATH_SEARCH_PATHS = (
					"$(inherited)",
					"@executable_path/Frameworks",
				);
				MARKETING_VERSION = 1.0;
				PRODUCT_BUNDLE_IDENTIFIER = com.ibrakor.CursoiOS;
				PRODUCT_NAME = "$(TARGET_NAME)";
				SWIFT_EMIT_LOC_STRINGS = YES;
				SWIFT_VERSION = 5.0;
				TARGETED_DEVICE_FAMILY = "1,2";
			};
			name = Release;
		};
		FB7BBB982C6812B7006CCB98 /* Debug */ = {
			isa = XCBuildConfiguration;
			buildSettings = {
				ALWAYS_EMBED_SWIFT_STANDARD_LIBRARIES = YES;
				BUNDLE_LOADER = "$(TEST_HOST)";
				CODE_SIGN_STYLE = Automatic;
				CURRENT_PROJECT_VERSION = 1;
				GENERATE_INFOPLIST_FILE = YES;
				IPHONEOS_DEPLOYMENT_TARGET = 17.5;
				MARKETING_VERSION = 1.0;
				PRODUCT_BUNDLE_IDENTIFIER = com.ibrakor.CursoiOSTests;
				PRODUCT_NAME = "$(TARGET_NAME)";
				SWIFT_EMIT_LOC_STRINGS = NO;
				SWIFT_VERSION = 5.0;
				TARGETED_DEVICE_FAMILY = "1,2";
				TEST_HOST = "$(BUILT_PRODUCTS_DIR)/CursoiOS.app/$(BUNDLE_EXECUTABLE_FOLDER_PATH)/CursoiOS";
			};
			name = Debug;
		};
		FB7BBB992C6812B7006CCB98 /* Release */ = {
			isa = XCBuildConfiguration;
			buildSettings = {
				ALWAYS_EMBED_SWIFT_STANDARD_LIBRARIES = YES;
				BUNDLE_LOADER = "$(TEST_HOST)";
				CODE_SIGN_STYLE = Automatic;
				CURRENT_PROJECT_VERSION = 1;
				GENERATE_INFOPLIST_FILE = YES;
				IPHONEOS_DEPLOYMENT_TARGET = 17.5;
				MARKETING_VERSION = 1.0;
				PRODUCT_BUNDLE_IDENTIFIER = com.ibrakor.CursoiOSTests;
				PRODUCT_NAME = "$(TARGET_NAME)";
				SWIFT_EMIT_LOC_STRINGS = NO;
				SWIFT_VERSION = 5.0;
				TARGETED_DEVICE_FAMILY = "1,2";
				TEST_HOST = "$(BUILT_PRODUCTS_DIR)/CursoiOS.app/$(BUNDLE_EXECUTABLE_FOLDER_PATH)/CursoiOS";
			};
			name = Release;
		};
		FB7BBB9B2C6812B7006CCB98 /* Debug */ = {
			isa = XCBuildConfiguration;
			buildSettings = {
				ALWAYS_EMBED_SWIFT_STANDARD_LIBRARIES = YES;
				CODE_SIGN_STYLE = Automatic;
				CURRENT_PROJECT_VERSION = 1;
				GENERATE_INFOPLIST_FILE = YES;
				MARKETING_VERSION = 1.0;
				PRODUCT_BUNDLE_IDENTIFIER = com.ibrakor.CursoiOSUITests;
				PRODUCT_NAME = "$(TARGET_NAME)";
				SWIFT_EMIT_LOC_STRINGS = NO;
				SWIFT_VERSION = 5.0;
				TARGETED_DEVICE_FAMILY = "1,2";
				TEST_TARGET_NAME = CursoiOS;
			};
			name = Debug;
		};
		FB7BBB9C2C6812B7006CCB98 /* Release */ = {
			isa = XCBuildConfiguration;
			buildSettings = {
				ALWAYS_EMBED_SWIFT_STANDARD_LIBRARIES = YES;
				CODE_SIGN_STYLE = Automatic;
				CURRENT_PROJECT_VERSION = 1;
				GENERATE_INFOPLIST_FILE = YES;
				MARKETING_VERSION = 1.0;
				PRODUCT_BUNDLE_IDENTIFIER = com.ibrakor.CursoiOSUITests;
				PRODUCT_NAME = "$(TARGET_NAME)";
				SWIFT_EMIT_LOC_STRINGS = NO;
				SWIFT_VERSION = 5.0;
				TARGETED_DEVICE_FAMILY = "1,2";
				TEST_TARGET_NAME = CursoiOS;
			};
			name = Release;
		};
/* End XCBuildConfiguration section */

/* Begin XCConfigurationList section */
		FB7BBB6B2C6812B6006CCB98 /* Build configuration list for PBXProject "CursoiOS" */ = {
			isa = XCConfigurationList;
			buildConfigurations = (
				FB7BBB922C6812B7006CCB98 /* Debug */,
				FB7BBB932C6812B7006CCB98 /* Release */,
			);
			defaultConfigurationIsVisible = 0;
			defaultConfigurationName = Release;
		};
		FB7BBB942C6812B7006CCB98 /* Build configuration list for PBXNativeTarget "CursoiOS" */ = {
			isa = XCConfigurationList;
			buildConfigurations = (
				FB7BBB952C6812B7006CCB98 /* Debug */,
				FB7BBB962C6812B7006CCB98 /* Release */,
			);
			defaultConfigurationIsVisible = 0;
			defaultConfigurationName = Release;
		};
		FB7BBB972C6812B7006CCB98 /* Build configuration list for PBXNativeTarget "CursoiOSTests" */ = {
			isa = XCConfigurationList;
			buildConfigurations = (
				FB7BBB982C6812B7006CCB98 /* Debug */,
				FB7BBB992C6812B7006CCB98 /* Release */,
			);
			defaultConfigurationIsVisible = 0;
			defaultConfigurationName = Release;
		};
		FB7BBB9A2C6812B7006CCB98 /* Build configuration list for PBXNativeTarget "CursoiOSUITests" */ = {
			isa = XCConfigurationList;
			buildConfigurations = (
				FB7BBB9B2C6812B7006CCB98 /* Debug */,
				FB7BBB9C2C6812B7006CCB98 /* Release */,
			);
			defaultConfigurationIsVisible = 0;
			defaultConfigurationName = Release;
		};
/* End XCConfigurationList section */
	};
	rootObject = FB7BBB682C6812B6006CCB98 /* Project object */;
}
